// !$*UTF8*$!
{
	archiveVersion = 1;
	classes = {
	};
	objectVersion = 56;
	objects = {

/* Begin PBXBuildFile section */
		A0493B182CDA2E1F0070A675 /* Berlin_Clock_AppApp.swift in Sources */ = {isa = PBXBuildFile; fileRef = A0493B172CDA2E1F0070A675 /* Berlin_Clock_AppApp.swift */; };
		A0493B1A2CDA2E1F0070A675 /* ContentView.swift in Sources */ = {isa = PBXBuildFile; fileRef = A0493B192CDA2E1F0070A675 /* ContentView.swift */; };
		A0493B1C2CDA2E200070A675 /* Assets.xcassets in Resources */ = {isa = PBXBuildFile; fileRef = A0493B1B2CDA2E200070A675 /* Assets.xcassets */; };
		A0493B1F2CDA2E200070A675 /* Preview Assets.xcassets in Resources */ = {isa = PBXBuildFile; fileRef = A0493B1E2CDA2E200070A675 /* Preview Assets.xcassets */; };
		A0493B262CDA63850070A675 /* FiveHourBlock.swift in Sources */ = {isa = PBXBuildFile; fileRef = A0493B252CDA63850070A675 /* FiveHourBlock.swift */; };
		A0493B282CDA63D90070A675 /* OneHourBlock.swift in Sources */ = {isa = PBXBuildFile; fileRef = A0493B272CDA63D90070A675 /* OneHourBlock.swift */; };
		A0493B2A2CDA64360070A675 /* FiveMinuteBlock.swift in Sources */ = {isa = PBXBuildFile; fileRef = A0493B292CDA64360070A675 /* FiveMinuteBlock.swift */; };
		A0493B2C2CDA648C0070A675 /* OneMinuteBlock.swift in Sources */ = {isa = PBXBuildFile; fileRef = A0493B2B2CDA648C0070A675 /* OneMinuteBlock.swift */; };
		A0493B2E2CDA64C10070A675 /* SecondsBlock.swift in Sources */ = {isa = PBXBuildFile; fileRef = A0493B2D2CDA64C10070A675 /* SecondsBlock.swift */; };
		A0F66D962CE1121A00DD78AD /* BigBlock.swift in Sources */ = {isa = PBXBuildFile; fileRef = A0F66D952CE1121A00DD78AD /* BigBlock.swift */; };
		A0F98D9A2CDBD3CD00B326F3 /* BerlinClockLogic.swift in Sources */ = {isa = PBXBuildFile; fileRef = A0F98D992CDBD3CD00B326F3 /* BerlinClockLogic.swift */; };
/* End PBXBuildFile section */

/* Begin PBXFileReference section */
		A0493B142CDA2E1F0070A675 /* Berlin Clock App.app */ = {isa = PBXFileReference; explicitFileType = wrapper.application; includeInIndex = 0; path = "Berlin Clock App.app"; sourceTree = BUILT_PRODUCTS_DIR; };
		A0493B172CDA2E1F0070A675 /* Berlin_Clock_AppApp.swift */ = {isa = PBXFileReference; lastKnownFileType = sourcecode.swift; path = Berlin_Clock_AppApp.swift; sourceTree = "<group>"; };
		A0493B192CDA2E1F0070A675 /* ContentView.swift */ = {isa = PBXFileReference; lastKnownFileType = sourcecode.swift; path = ContentView.swift; sourceTree = "<group>"; };
		A0493B1B2CDA2E200070A675 /* Assets.xcassets */ = {isa = PBXFileReference; lastKnownFileType = folder.assetcatalog; path = Assets.xcassets; sourceTree = "<group>"; };
		A0493B1E2CDA2E200070A675 /* Preview Assets.xcassets */ = {isa = PBXFileReference; lastKnownFileType = folder.assetcatalog; path = "Preview Assets.xcassets"; sourceTree = "<group>"; };
		A0493B252CDA63850070A675 /* FiveHourBlock.swift */ = {isa = PBXFileReference; lastKnownFileType = sourcecode.swift; path = FiveHourBlock.swift; sourceTree = "<group>"; };
		A0493B272CDA63D90070A675 /* OneHourBlock.swift */ = {isa = PBXFileReference; lastKnownFileType = sourcecode.swift; path = OneHourBlock.swift; sourceTree = "<group>"; };
		A0493B292CDA64360070A675 /* FiveMinuteBlock.swift */ = {isa = PBXFileReference; lastKnownFileType = sourcecode.swift; path = FiveMinuteBlock.swift; sourceTree = "<group>"; };
		A0493B2B2CDA648C0070A675 /* OneMinuteBlock.swift */ = {isa = PBXFileReference; lastKnownFileType = sourcecode.swift; path = OneMinuteBlock.swift; sourceTree = "<group>"; };
		A0493B2D2CDA64C10070A675 /* SecondsBlock.swift */ = {isa = PBXFileReference; lastKnownFileType = sourcecode.swift; path = SecondsBlock.swift; sourceTree = "<group>"; };
		A0F66D952CE1121A00DD78AD /* BigBlock.swift */ = {isa = PBXFileReference; lastKnownFileType = sourcecode.swift; path = BigBlock.swift; sourceTree = "<group>"; };
		A0F98D992CDBD3CD00B326F3 /* BerlinClockLogic.swift */ = {isa = PBXFileReference; lastKnownFileType = sourcecode.swift; path = BerlinClockLogic.swift; sourceTree = "<group>"; };
/* End PBXFileReference section */

/* Begin PBXFrameworksBuildPhase section */
		A0493B112CDA2E1F0070A675 /* Frameworks */ = {
			isa = PBXFrameworksBuildPhase;
			buildActionMask = 2147483647;
			files = (
			);
			runOnlyForDeploymentPostprocessing = 0;
		};
/* End PBXFrameworksBuildPhase section */

/* Begin PBXGroup section */
		A0493B0B2CDA2E1F0070A675 = {
			isa = PBXGroup;
			children = (
				A0493B162CDA2E1F0070A675 /* Berlin Clock App */,
				A0493B152CDA2E1F0070A675 /* Products */,
			);
			sourceTree = "<group>";
		};
		A0493B152CDA2E1F0070A675 /* Products */ = {
			isa = PBXGroup;
			children = (
				A0493B142CDA2E1F0070A675 /* Berlin Clock App.app */,
			);
			name = Products;
			sourceTree = "<group>";
		};
		A0493B162CDA2E1F0070A675 /* Berlin Clock App */ = {
			isa = PBXGroup;
			children = (
				A0493B172CDA2E1F0070A675 /* Berlin_Clock_AppApp.swift */,
				A0493B192CDA2E1F0070A675 /* ContentView.swift */,
				A0493B1B2CDA2E200070A675 /* Assets.xcassets */,
				A0493B1D2CDA2E200070A675 /* Preview Content */,
				A0493B252CDA63850070A675 /* FiveHourBlock.swift */,
				A0493B2D2CDA64C10070A675 /* SecondsBlock.swift */,
				A0493B272CDA63D90070A675 /* OneHourBlock.swift */,
				A0493B292CDA64360070A675 /* FiveMinuteBlock.swift */,
				A0493B2B2CDA648C0070A675 /* OneMinuteBlock.swift */,
				A0F98D992CDBD3CD00B326F3 /* BerlinClockLogic.swift */,
				A0F66D952CE1121A00DD78AD /* BigBlock.swift */,
			);
			path = "Berlin Clock App";
			sourceTree = "<group>";
		};
		A0493B1D2CDA2E200070A675 /* Preview Content */ = {
			isa = PBXGroup;
			children = (
				A0493B1E2CDA2E200070A675 /* Preview Assets.xcassets */,
			);
			path = "Preview Content";
			sourceTree = "<group>";
		};
/* End PBXGroup section */

/* Begin PBXNativeTarget section */
		A0493B132CDA2E1F0070A675 /* Berlin Clock App */ = {
			isa = PBXNativeTarget;
			buildConfigurationList = A0493B222CDA2E200070A675 /* Build configuration list for PBXNativeTarget "Berlin Clock App" */;
			buildPhases = (
				A0493B102CDA2E1F0070A675 /* Sources */,
				A0493B112CDA2E1F0070A675 /* Frameworks */,
				A0493B122CDA2E1F0070A675 /* Resources */,
			);
			buildRules = (
			);
			dependencies = (
			);
			name = "Berlin Clock App";
			productName = "Berlin Clock App";
			productReference = A0493B142CDA2E1F0070A675 /* Berlin Clock App.app */;
			productType = "com.apple.product-type.application";
		};
/* End PBXNativeTarget section */

/* Begin PBXProject section */
		A0493B0C2CDA2E1F0070A675 /* Project object */ = {
			isa = PBXProject;
			attributes = {
				BuildIndependentTargetsInParallel = 1;
				LastSwiftUpdateCheck = 1540;
				LastUpgradeCheck = 1540;
				TargetAttributes = {
					A0493B132CDA2E1F0070A675 = {
						CreatedOnToolsVersion = 15.4;
					};
				};
			};
			buildConfigurationList = A0493B0F2CDA2E1F0070A675 /* Build configuration list for PBXProject "Berlin Clock App" */;
			compatibilityVersion = "Xcode 14.0";
			developmentRegion = en;
			hasScannedForEncodings = 0;
			knownRegions = (
				en,
				Base,
			);
			mainGroup = A0493B0B2CDA2E1F0070A675;
			productRefGroup = A0493B152CDA2E1F0070A675 /* Products */;
			projectDirPath = "";
			projectRoot = "";
			targets = (
				A0493B132CDA2E1F0070A675 /* Berlin Clock App */,
			);
		};
/* End PBXProject section */

/* Begin PBXResourcesBuildPhase section */
		A0493B122CDA2E1F0070A675 /* Resources */ = {
			isa = PBXResourcesBuildPhase;
			buildActionMask = 2147483647;
			files = (
				A0493B1F2CDA2E200070A675 /* Preview Assets.xcassets in Resources */,
				A0493B1C2CDA2E200070A675 /* Assets.xcassets in Resources */,
			);
			runOnlyForDeploymentPostprocessing = 0;
		};
/* End PBXResourcesBuildPhase section */

/* Begin PBXSourcesBuildPhase section */
		A0493B102CDA2E1F0070A675 /* Sources */ = {
			isa = PBXSourcesBuildPhase;
			buildActionMask = 2147483647;
			files = (
				A0493B282CDA63D90070A675 /* OneHourBlock.swift in Sources */,
				A0F66D962CE1121A00DD78AD /* BigBlock.swift in Sources */,
				A0493B1A2CDA2E1F0070A675 /* ContentView.swift in Sources */,
				A0493B2C2CDA648C0070A675 /* OneMinuteBlock.swift in Sources */,
				A0493B2A2CDA64360070A675 /* FiveMinuteBlock.swift in Sources */,
				A0493B262CDA63850070A675 /* FiveHourBlock.swift in Sources */,
				A0493B2E2CDA64C10070A675 /* SecondsBlock.swift in Sources */,
				A0493B182CDA2E1F0070A675 /* Berlin_Clock_AppApp.swift in Sources */,
				A0F98D9A2CDBD3CD00B326F3 /* BerlinClockLogic.swift in Sources */,
			);
			runOnlyForDeploymentPostprocessing = 0;
		};
/* End PBXSourcesBuildPhase section */

/* Begin XCBuildConfiguration section */
		A0493B202CDA2E200070A675 /* Debug */ = {
			isa = XCBuildConfiguration;
			buildSettings = {
				ALWAYS_SEARCH_USER_PATHS = NO;
				ASSETCATALOG_COMPILER_GENERATE_SWIFT_ASSET_SYMBOL_EXTENSIONS = YES;
				CLANG_ANALYZER_NONNULL = YES;
				CLANG_ANALYZER_NUMBER_OBJECT_CONVERSION = YES_AGGRESSIVE;
				CLANG_CXX_LANGUAGE_STANDARD = "gnu++20";
				CLANG_ENABLE_MODULES = YES;
				CLANG_ENABLE_OBJC_ARC = YES;
				CLANG_ENABLE_OBJC_WEAK = YES;
				CLANG_WARN_BLOCK_CAPTURE_AUTORELEASING = YES;
				CLANG_WARN_BOOL_CONVERSION = YES;
				CLANG_WARN_COMMA = YES;
				CLANG_WARN_CONSTANT_CONVERSION = YES;
				CLANG_WARN_DEPRECATED_OBJC_IMPLEMENTATIONS = YES;
				CLANG_WARN_DIRECT_OBJC_ISA_USAGE = YES_ERROR;
				CLANG_WARN_DOCUMENTATION_COMMENTS = YES;
				CLANG_WARN_EMPTY_BODY = YES;
				CLANG_WARN_ENUM_CONVERSION = YES;
				CLANG_WARN_INFINITE_RECURSION = YES;
				CLANG_WARN_INT_CONVERSION = YES;
				CLANG_WARN_NON_LITERAL_NULL_CONVERSION = YES;
				CLANG_WARN_OBJC_IMPLICIT_RETAIN_SELF = YES;
				CLANG_WARN_OBJC_LITERAL_CONVERSION = YES;
				CLANG_WARN_OBJC_ROOT_CLASS = YES_ERROR;
				CLANG_WARN_QUOTED_INCLUDE_IN_FRAMEWORK_HEADER = YES;
				CLANG_WARN_RANGE_LOOP_ANALYSIS = YES;
				CLANG_WARN_STRICT_PROTOTYPES = YES;
				CLANG_WARN_SUSPICIOUS_MOVE = YES;
				CLANG_WARN_UNGUARDED_AVAILABILITY = YES_AGGRESSIVE;
				CLANG_WARN_UNREACHABLE_CODE = YES;
				CLANG_WARN__DUPLICATE_METHOD_MATCH = YES;
				COPY_PHASE_STRIP = NO;
				DEBUG_INFORMATION_FORMAT = dwarf;
				ENABLE_STRICT_OBJC_MSGSEND = YES;
				ENABLE_TESTABILITY = YES;
				ENABLE_USER_SCRIPT_SANDBOXING = YES;
				GCC_C_LANGUAGE_STANDARD = gnu17;
				GCC_DYNAMIC_NO_PIC = NO;
				GCC_NO_COMMON_BLOCKS = YES;
				GCC_OPTIMIZATION_LEVEL = 0;
				GCC_PREPROCESSOR_DEFINITIONS = (
					"DEBUG=1",
					"$(inherited)",
				);
				GCC_WARN_64_TO_32_BIT_CONVERSION = YES;
				GCC_WARN_ABOUT_RETURN_TYPE = YES_ERROR;
				GCC_WARN_UNDECLARED_SELECTOR = YES;
				GCC_WARN_UNINITIALIZED_AUTOS = YES_AGGRESSIVE;
				GCC_WARN_UNUSED_FUNCTION = YES;
				GCC_WARN_UNUSED_VARIABLE = YES;
				IPHONEOS_DEPLOYMENT_TARGET = 17.5;
				LOCALIZATION_PREFERS_STRING_CATALOGS = YES;
				MTL_ENABLE_DEBUG_INFO = INCLUDE_SOURCE;
				MTL_FAST_MATH = YES;
				ONLY_ACTIVE_ARCH = YES;
				SDKROOT = iphoneos;
				SWIFT_ACTIVE_COMPILATION_CONDITIONS = "DEBUG $(inherited)";
				SWIFT_OPTIMIZATION_LEVEL = "-Onone";
			};
			name = Debug;
		};
		A0493B212CDA2E200070A675 /* Release */ = {
			isa = XCBuildConfiguration;
			buildSettings = {
				ALWAYS_SEARCH_USER_PATHS = NO;
				ASSETCATALOG_COMPILER_GENERATE_SWIFT_ASSET_SYMBOL_EXTENSIONS = YES;
				CLANG_ANALYZER_NONNULL = YES;
				CLANG_ANALYZER_NUMBER_OBJECT_CONVERSION = YES_AGGRESSIVE;
				CLANG_CXX_LANGUAGE_STANDARD = "gnu++20";
				CLANG_ENABLE_MODULES = YES;
				CLANG_ENABLE_OBJC_ARC = YES;
				CLANG_ENABLE_OBJC_WEAK = YES;
				CLANG_WARN_BLOCK_CAPTURE_AUTORELEASING = YES;
				CLANG_WARN_BOOL_CONVERSION = YES;
				CLANG_WARN_COMMA = YES;
				CLANG_WARN_CONSTANT_CONVERSION = YES;
				CLANG_WARN_DEPRECATED_OBJC_IMPLEMENTATIONS = YES;
				CLANG_WARN_DIRECT_OBJC_ISA_USAGE = YES_ERROR;
				CLANG_WARN_DOCUMENTATION_COMMENTS = YES;
				CLANG_WARN_EMPTY_BODY = YES;
				CLANG_WARN_ENUM_CONVERSION = YES;
				CLANG_WARN_INFINITE_RECURSION = YES;
				CLANG_WARN_INT_CONVERSION = YES;
				CLANG_WARN_NON_LITERAL_NULL_CONVERSION = YES;
				CLANG_WARN_OBJC_IMPLICIT_RETAIN_SELF = YES;
				CLANG_WARN_OBJC_LITERAL_CONVERSION = YES;
				CLANG_WARN_OBJC_ROOT_CLASS = YES_ERROR;
				CLANG_WARN_QUOTED_INCLUDE_IN_FRAMEWORK_HEADER = YES;
				CLANG_WARN_RANGE_LOOP_ANALYSIS = YES;
				CLANG_WARN_STRICT_PROTOTYPES = YES;
				CLANG_WARN_SUSPICIOUS_MOVE = YES;
				CLANG_WARN_UNGUARDED_AVAILABILITY = YES_AGGRESSIVE;
				CLANG_WARN_UNREACHABLE_CODE = YES;
				CLANG_WARN__DUPLICATE_METHOD_MATCH = YES;
				COPY_PHASE_STRIP = NO;
				DEBUG_INFORMATION_FORMAT = "dwarf-with-dsym";
				ENABLE_NS_ASSERTIONS = NO;
				ENABLE_STRICT_OBJC_MSGSEND = YES;
				ENABLE_USER_SCRIPT_SANDBOXING = YES;
				GCC_C_LANGUAGE_STANDARD = gnu17;
				GCC_NO_COMMON_BLOCKS = YES;
				GCC_WARN_64_TO_32_BIT_CONVERSION = YES;
				GCC_WARN_ABOUT_RETURN_TYPE = YES_ERROR;
				GCC_WARN_UNDECLARED_SELECTOR = YES;
				GCC_WARN_UNINITIALIZED_AUTOS = YES_AGGRESSIVE;
				GCC_WARN_UNUSED_FUNCTION = YES;
				GCC_WARN_UNUSED_VARIABLE = YES;
				IPHONEOS_DEPLOYMENT_TARGET = 17.5;
				LOCALIZATION_PREFERS_STRING_CATALOGS = YES;
				MTL_ENABLE_DEBUG_INFO = NO;
				MTL_FAST_MATH = YES;
				SDKROOT = iphoneos;
				SWIFT_COMPILATION_MODE = wholemodule;
				VALIDATE_PRODUCT = YES;
			};
			name = Release;
		};
		A0493B232CDA2E200070A675 /* Debug */ = {
			isa = XCBuildConfiguration;
			buildSettings = {
				ASSETCATALOG_COMPILER_APPICON_NAME = AppIcon;
				ASSETCATALOG_COMPILER_GLOBAL_ACCENT_COLOR_NAME = AccentColor;
				CODE_SIGN_STYLE = Automatic;
				CURRENT_PROJECT_VERSION = 1;
				DEVELOPMENT_ASSET_PATHS = "\"Berlin Clock App/Preview Content\"";
				DEVELOPMENT_TEAM = B4P4NWJDXZ;
				ENABLE_PREVIEWS = YES;
				GENERATE_INFOPLIST_FILE = YES;
				INFOPLIST_KEY_UIApplicationSceneManifest_Generation = YES;
				INFOPLIST_KEY_UIApplicationSupportsIndirectInputEvents = YES;
				INFOPLIST_KEY_UILaunchScreen_Generation = YES;
				INFOPLIST_KEY_UISupportedInterfaceOrientations_iPad = "UIInterfaceOrientationPortrait UIInterfaceOrientationPortraitUpsideDown UIInterfaceOrientationLandscapeLeft UIInterfaceOrientationLandscapeRight";
				INFOPLIST_KEY_UISupportedInterfaceOrientations_iPhone = "UIInterfaceOrientationPortrait UIInterfaceOrientationLandscapeLeft UIInterfaceOrientationLandscapeRight";
				LD_RUNPATH_SEARCH_PATHS = (
					"$(inherited)",
					"@executable_path/Frameworks",
				);
				MARKETING_VERSION = 1.0;
				PRODUCT_BUNDLE_IDENTIFIER = "com.ladletl.Berlin-Clock-App";
				PRODUCT_NAME = "$(TARGET_NAME)";
				SWIFT_EMIT_LOC_STRINGS = YES;
				SWIFT_VERSION = 5.0;
				TARGETED_DEVICE_FAMILY = "1,2";
			};
			name = Debug;
		};
		A0493B242CDA2E200070A675 /* Release */ = {
			isa = XCBuildConfiguration;
			buildSettings = {
				ASSETCATALOG_COMPILER_APPICON_NAME = AppIcon;
				ASSETCATALOG_COMPILER_GLOBAL_ACCENT_COLOR_NAME = AccentColor;
				CODE_SIGN_STYLE = Automatic;
				CURRENT_PROJECT_VERSION = 1;
				DEVELOPMENT_ASSET_PATHS = "\"Berlin Clock App/Preview Content\"";
				DEVELOPMENT_TEAM = B4P4NWJDXZ;
				ENABLE_PREVIEWS = YES;
				GENERATE_INFOPLIST_FILE = YES;
				INFOPLIST_KEY_UIApplicationSceneManifest_Generation = YES;
				INFOPLIST_KEY_UIApplicationSupportsIndirectInputEvents = YES;
				INFOPLIST_KEY_UILaunchScreen_Generation = YES;
				INFOPLIST_KEY_UISupportedInterfaceOrientations_iPad = "UIInterfaceOrientationPortrait UIInterfaceOrientationPortraitUpsideDown UIInterfaceOrientationLandscapeLeft UIInterfaceOrientationLandscapeRight";
				INFOPLIST_KEY_UISupportedInterfaceOrientations_iPhone = "UIInterfaceOrientationPortrait UIInterfaceOrientationLandscapeLeft UIInterfaceOrientationLandscapeRight";
				LD_RUNPATH_SEARCH_PATHS = (
					"$(inherited)",
					"@executable_path/Frameworks",
				);
				MARKETING_VERSION = 1.0;
				PRODUCT_BUNDLE_IDENTIFIER = "com.ladletl.Berlin-Clock-App";
				PRODUCT_NAME = "$(TARGET_NAME)";
				SWIFT_EMIT_LOC_STRINGS = YES;
				SWIFT_VERSION = 5.0;
				TARGETED_DEVICE_FAMILY = "1,2";
			};
			name = Release;
		};
/* End XCBuildConfiguration section */

/* Begin XCConfigurationList section */
		A0493B0F2CDA2E1F0070A675 /* Build configuration list for PBXProject "Berlin Clock App" */ = {
			isa = XCConfigurationList;
			buildConfigurations = (
				A0493B202CDA2E200070A675 /* Debug */,
				A0493B212CDA2E200070A675 /* Release */,
			);
			defaultConfigurationIsVisible = 0;
			defaultConfigurationName = Release;
		};
		A0493B222CDA2E200070A675 /* Build configuration list for PBXNativeTarget "Berlin Clock App" */ = {
			isa = XCConfigurationList;
			buildConfigurations = (
				A0493B232CDA2E200070A675 /* Debug */,
				A0493B242CDA2E200070A675 /* Release */,
			);
			defaultConfigurationIsVisible = 0;
			defaultConfigurationName = Release;
		};
/* End XCConfigurationList section */
	};
	rootObject = A0493B0C2CDA2E1F0070A675 /* Project object */;
}
